
Microsoft Visual Studio Solution File, Format Version 12.00
# Visual Studio Version 16
VisualStudioVersion = 16.0.30804.86
MinimumVisualStudioVersion = 10.0.40219.1
Project("{9A19103F-16F7-4668-BE54-9A1E7A4F7556}") = "Pesabooks.Domain", "Pesabooks.Domain\Pesabooks.Domain.csproj", "{2CCE9669-640F-4C82-AD81-6F5630182DDA}"
EndProject
Project("{FAE04EC0-301F-11D3-BF4B-00C04F79EFBC}") = "Pesabooks.Api", "Pesabooks.Api\Pesabooks.Api.csproj", "{B316D9D4-2E43-4292-8AA6-F0D799912AF7}"
EndProject
Project("{FAE04EC0-301F-11D3-BF4B-00C04F79EFBC}") = "Pesabooks.Infrastructure", "Pesabooks.Infrastructure\Pesabooks.Infrastructure.csproj", "{BD438B6A-FEB3-4118-9068-2EF2E8D020EF}"
EndProject
Project("{FAE04EC0-301F-11D3-BF4B-00C04F79EFBC}") = "Pesabooks.Common", "Pesabooks.Common\Pesabooks.Common.csproj", "{57E99980-2B26-4EC7-8E6C-D7F7FFD563C8}"
EndProject
Global
	GlobalSection(SolutionConfigurationPlatforms) = preSolution
		Debug|Any CPU = Debug|Any CPU
		Release|Any CPU = Release|Any CPU
	EndGlobalSection
	GlobalSection(ProjectConfigurationPlatforms) = postSolution
		{2CCE9669-640F-4C82-AD81-6F5630182DDA}.Debug|Any CPU.ActiveCfg = Debug|Any CPU
		{2CCE9669-640F-4C82-AD81-6F5630182DDA}.Debug|Any CPU.Build.0 = Debug|Any CPU
		{2CCE9669-640F-4C82-AD81-6F5630182DDA}.Release|Any CPU.ActiveCfg = Release|Any CPU
		{2CCE9669-640F-4C82-AD81-6F5630182DDA}.Release|Any CPU.Build.0 = Release|Any CPU
		{B316D9D4-2E43-4292-8AA6-F0D799912AF7}.Debug|Any CPU.ActiveCfg = Debug|Any CPU
		{B316D9D4-2E43-4292-8AA6-F0D799912AF7}.Debug|Any CPU.Build.0 = Debug|Any CPU
		{B316D9D4-2E43-4292-8AA6-F0D799912AF7}.Release|Any CPU.ActiveCfg = Release|Any CPU
		{B316D9D4-2E43-4292-8AA6-F0D799912AF7}.Release|Any CPU.Build.0 = Release|Any CPU
		{BD438B6A-FEB3-4118-9068-2EF2E8D020EF}.Debug|Any CPU.ActiveCfg = Debug|Any CPU
		{BD438B6A-FEB3-4118-9068-2EF2E8D020EF}.Debug|Any CPU.Build.0 = Debug|Any CPU
		{BD438B6A-FEB3-4118-9068-2EF2E8D020EF}.Release|Any CPU.ActiveCfg = Release|Any CPU
		{BD438B6A-FEB3-4118-9068-2EF2E8D020EF}.Release|Any CPU.Build.0 = Release|Any CPU
		{57E99980-2B26-4EC7-8E6C-D7F7FFD563C8}.Debug|Any CPU.ActiveCfg = Debug|Any CPU
		{57E99980-2B26-4EC7-8E6C-D7F7FFD563C8}.Debug|Any CPU.Build.0 = Debug|Any CPU
		{57E99980-2B26-4EC7-8E6C-D7F7FFD563C8}.Release|Any CPU.ActiveCfg = Release|Any CPU
		{57E99980-2B26-4EC7-8E6C-D7F7FFD563C8}.Release|Any CPU.Build.0 = Release|Any CPU
	EndGlobalSection
	GlobalSection(SolutionProperties) = preSolution
		HideSolutionNode = FALSE
	EndGlobalSection
	GlobalSection(ExtensibilityGlobals) = postSolution
		SolutionGuid = {D9387BAA-BA33-4C33-9335-EB0C5F437DEB}
	EndGlobalSection
EndGlobal
